
Microsoft Visual Studio Solution File, Format Version 12.00
# Visual Studio Version 16
VisualStudioVersion = 16.0.30225.117
MinimumVisualStudioVersion = 10.0.40219.1
Project("{8BC9CEB8-8B4A-11D0-8D11-00A0C91BC942}") = "Lexer", "Lexer\Lexer.vcxproj", "{02FA6BD4-8ED3-468E-A9C0-37B08E202905}"
EndProject
Project("{8BC9CEB8-8B4A-11D0-8D11-00A0C91BC942}") = "Utils", "Utils\Utils.vcxproj", "{825D931E-A262-42D4-8AF0-8E503AC06104}"
EndProject
Project("{8BC9CEB8-8B4A-11D0-8D11-00A0C91BC942}") = "Parser", "Parser\Parser.vcxproj", "{381FFACD-7A95-4757-96F6-2826A3E28D86}"
EndProject
Project("{8BC9CEB8-8B4A-11D0-8D11-00A0C91BC942}") = "Token", "Token\Token.vcxproj", "{ABF81544-54C4-45E3-A502-383E2EF061AF}"
EndProject
Project("{2150E333-8FDC-42A3-9474-1A3956D46DE8}") = "examples", "examples", "{560B1EE8-3F09-41FC-9CAE-127684444538}"
	ProjectSection(SolutionItems) = preProject
		examples\main.wasp = examples\main.wasp
		examples\module.dot = examples\module.dot
		examples\natives.wasp = examples\natives.wasp
		examples\specs.py = examples\specs.py
	EndProjectSection
EndProject
Project("{8BC9CEB8-8B4A-11D0-8D11-00A0C91BC942}") = "Compiler", "Compiler\Compiler.vcxproj", "{E6D9A4A7-F218-46A7-B832-80742621E27F}"
EndProject
Project("{2150E333-8FDC-42A3-9474-1A3956D46DE8}") = "Shared", "Shared", "{63618117-BF52-4645-BDD6-3FC03F202232}"
	ProjectSection(SolutionItems) = preProject
		SharedPropertySheet.props = SharedPropertySheet.props
	EndProjectSection
EndProject
Project("{8BC9CEB8-8B4A-11D0-8D11-00A0C91BC942}") = "SemanticAnalyzer", "SemanticAnalyzer\SemanticAnalyzer.vcxproj", "{9C2D6D6A-C32E-4139-8830-D48B81C2D810}"
EndProject
Project("{8BC9CEB8-8B4A-11D0-8D11-00A0C91BC942}") = "AST", "AST\AST.vcxproj", "{9A7284B0-A65B-4CA1-B540-D37514EB58A2}"
EndProject
Project("{8BC9CEB8-8B4A-11D0-8D11-00A0C91BC942}") = "Symbol", "Symbol\Symbol.vcxproj", "{F80A3E16-B52A-410D-9FE7-BB9C46105710}"
EndProject
Project("{8BC9CEB8-8B4A-11D0-8D11-00A0C91BC942}") = "ObjectSystem", "ObjectSystem\ObjectSystem.vcxproj", "{E9DC52F7-D707-4884-B448-75F812BD4326}"
EndProject
Project("{8BC9CEB8-8B4A-11D0-8D11-00A0C91BC942}") = "WaspTypeSystem", "WaspTypeSystem\WaspTypeSystem.vcxproj", "{E6314A01-793D-43D1-AB1C-24FC6BA7116B}"
EndProject
Project("{8BC9CEB8-8B4A-11D0-8D11-00A0C91BC942}") = "wasp", "wasp\wasp.vcxproj", "{B1930804-604F-46EE-AA8A-DBD23AB8A951}"
EndProject
Project("{8BC9CEB8-8B4A-11D0-8D11-00A0C91BC942}") = "CFGraph", "CFGraph\CFGraph.vcxproj", "{AF57E1C6-D6E6-4581-8F17-A04BF0E9BD77}"
EndProject
Project("{8BC9CEB8-8B4A-11D0-8D11-00A0C91BC942}") = "VirtualMachine", "VirtualMachine\VirtualMachine.vcxproj", "{2C02AB63-F113-4649-BB9B-F6B89851FB86}"
EndProject
Global
	GlobalSection(SolutionConfigurationPlatforms) = preSolution
		Debug|x64 = Debug|x64
		Debug|x86 = Debug|x86
		Release|x64 = Release|x64
		Release|x86 = Release|x86
	EndGlobalSection
	GlobalSection(ProjectConfigurationPlatforms) = postSolution
		{02FA6BD4-8ED3-468E-A9C0-37B08E202905}.Debug|x64.ActiveCfg = Debug|x64
		{02FA6BD4-8ED3-468E-A9C0-37B08E202905}.Debug|x64.Build.0 = Debug|x64
		{02FA6BD4-8ED3-468E-A9C0-37B08E202905}.Debug|x86.ActiveCfg = Debug|Win32
		{02FA6BD4-8ED3-468E-A9C0-37B08E202905}.Debug|x86.Build.0 = Debug|Win32
		{02FA6BD4-8ED3-468E-A9C0-37B08E202905}.Release|x64.ActiveCfg = Release|x64
		{02FA6BD4-8ED3-468E-A9C0-37B08E202905}.Release|x64.Build.0 = Release|x64
		{02FA6BD4-8ED3-468E-A9C0-37B08E202905}.Release|x86.ActiveCfg = Release|Win32
		{02FA6BD4-8ED3-468E-A9C0-37B08E202905}.Release|x86.Build.0 = Release|Win32
		{825D931E-A262-42D4-8AF0-8E503AC06104}.Debug|x64.ActiveCfg = Debug|x64
		{825D931E-A262-42D4-8AF0-8E503AC06104}.Debug|x64.Build.0 = Debug|x64
		{825D931E-A262-42D4-8AF0-8E503AC06104}.Debug|x86.ActiveCfg = Debug|Win32
		{825D931E-A262-42D4-8AF0-8E503AC06104}.Debug|x86.Build.0 = Debug|Win32
		{825D931E-A262-42D4-8AF0-8E503AC06104}.Release|x64.ActiveCfg = Release|x64
		{825D931E-A262-42D4-8AF0-8E503AC06104}.Release|x64.Build.0 = Release|x64
		{825D931E-A262-42D4-8AF0-8E503AC06104}.Release|x86.ActiveCfg = Release|Win32
		{825D931E-A262-42D4-8AF0-8E503AC06104}.Release|x86.Build.0 = Release|Win32
		{381FFACD-7A95-4757-96F6-2826A3E28D86}.Debug|x64.ActiveCfg = Debug|x64
		{381FFACD-7A95-4757-96F6-2826A3E28D86}.Debug|x64.Build.0 = Debug|x64
		{381FFACD-7A95-4757-96F6-2826A3E28D86}.Debug|x86.ActiveCfg = Debug|Win32
		{381FFACD-7A95-4757-96F6-2826A3E28D86}.Debug|x86.Build.0 = Debug|Win32
		{381FFACD-7A95-4757-96F6-2826A3E28D86}.Release|x64.ActiveCfg = Release|x64
		{381FFACD-7A95-4757-96F6-2826A3E28D86}.Release|x64.Build.0 = Release|x64
		{381FFACD-7A95-4757-96F6-2826A3E28D86}.Release|x86.ActiveCfg = Release|Win32
		{381FFACD-7A95-4757-96F6-2826A3E28D86}.Release|x86.Build.0 = Release|Win32
		{ABF81544-54C4-45E3-A502-383E2EF061AF}.Debug|x64.ActiveCfg = Debug|x64
		{ABF81544-54C4-45E3-A502-383E2EF061AF}.Debug|x64.Build.0 = Debug|x64
		{ABF81544-54C4-45E3-A502-383E2EF061AF}.Debug|x86.ActiveCfg = Debug|Win32
		{ABF81544-54C4-45E3-A502-383E2EF061AF}.Debug|x86.Build.0 = Debug|Win32
		{ABF81544-54C4-45E3-A502-383E2EF061AF}.Release|x64.ActiveCfg = Release|x64
		{ABF81544-54C4-45E3-A502-383E2EF061AF}.Release|x64.Build.0 = Release|x64
		{ABF81544-54C4-45E3-A502-383E2EF061AF}.Release|x86.ActiveCfg = Release|Win32
		{ABF81544-54C4-45E3-A502-383E2EF061AF}.Release|x86.Build.0 = Release|Win32
		{E6D9A4A7-F218-46A7-B832-80742621E27F}.Debug|x64.ActiveCfg = Debug|x64
		{E6D9A4A7-F218-46A7-B832-80742621E27F}.Debug|x64.Build.0 = Debug|x64
		{E6D9A4A7-F218-46A7-B832-80742621E27F}.Debug|x86.ActiveCfg = Debug|Win32
		{E6D9A4A7-F218-46A7-B832-80742621E27F}.Debug|x86.Build.0 = Debug|Win32
		{E6D9A4A7-F218-46A7-B832-80742621E27F}.Release|x64.ActiveCfg = Release|x64
		{E6D9A4A7-F218-46A7-B832-80742621E27F}.Release|x64.Build.0 = Release|x64
		{E6D9A4A7-F218-46A7-B832-80742621E27F}.Release|x86.ActiveCfg = Release|Win32
		{E6D9A4A7-F218-46A7-B832-80742621E27F}.Release|x86.Build.0 = Release|Win32
		{9C2D6D6A-C32E-4139-8830-D48B81C2D810}.Debug|x64.ActiveCfg = Debug|x64
		{9C2D6D6A-C32E-4139-8830-D48B81C2D810}.Debug|x64.Build.0 = Debug|x64
		{9C2D6D6A-C32E-4139-8830-D48B81C2D810}.Debug|x86.ActiveCfg = Debug|Win32
		{9C2D6D6A-C32E-4139-8830-D48B81C2D810}.Debug|x86.Build.0 = Debug|Win32
		{9C2D6D6A-C32E-4139-8830-D48B81C2D810}.Release|x64.ActiveCfg = Release|x64
		{9C2D6D6A-C32E-4139-8830-D48B81C2D810}.Release|x64.Build.0 = Release|x64
		{9C2D6D6A-C32E-4139-8830-D48B81C2D810}.Release|x86.ActiveCfg = Release|Win32
		{9C2D6D6A-C32E-4139-8830-D48B81C2D810}.Release|x86.Build.0 = Release|Win32
		{9A7284B0-A65B-4CA1-B540-D37514EB58A2}.Debug|x64.ActiveCfg = Debug|x64
		{9A7284B0-A65B-4CA1-B540-D37514EB58A2}.Debug|x64.Build.0 = Debug|x64
		{9A7284B0-A65B-4CA1-B540-D37514EB58A2}.Debug|x86.ActiveCfg = Debug|Win32
		{9A7284B0-A65B-4CA1-B540-D37514EB58A2}.Debug|x86.Build.0 = Debug|Win32
		{9A7284B0-A65B-4CA1-B540-D37514EB58A2}.Release|x64.ActiveCfg = Release|x64
		{9A7284B0-A65B-4CA1-B540-D37514EB58A2}.Release|x64.Build.0 = Release|x64
		{9A7284B0-A65B-4CA1-B540-D37514EB58A2}.Release|x86.ActiveCfg = Release|Win32
		{9A7284B0-A65B-4CA1-B540-D37514EB58A2}.Release|x86.Build.0 = Release|Win32
		{F80A3E16-B52A-410D-9FE7-BB9C46105710}.Debug|x64.ActiveCfg = Debug|x64
		{F80A3E16-B52A-410D-9FE7-BB9C46105710}.Debug|x64.Build.0 = Debug|x64
		{F80A3E16-B52A-410D-9FE7-BB9C46105710}.Debug|x86.ActiveCfg = Debug|Win32
		{F80A3E16-B52A-410D-9FE7-BB9C46105710}.Debug|x86.Build.0 = Debug|Win32
		{F80A3E16-B52A-410D-9FE7-BB9C46105710}.Release|x64.ActiveCfg = Release|x64
		{F80A3E16-B52A-410D-9FE7-BB9C46105710}.Release|x64.Build.0 = Release|x64
		{F80A3E16-B52A-410D-9FE7-BB9C46105710}.Release|x86.ActiveCfg = Release|Win32
		{F80A3E16-B52A-410D-9FE7-BB9C46105710}.Release|x86.Build.0 = Release|Win32
		{E9DC52F7-D707-4884-B448-75F812BD4326}.Debug|x64.ActiveCfg = Debug|x64
		{E9DC52F7-D707-4884-B448-75F812BD4326}.Debug|x64.Build.0 = Debug|x64
		{E9DC52F7-D707-4884-B448-75F812BD4326}.Debug|x86.ActiveCfg = Debug|Win32
		{E9DC52F7-D707-4884-B448-75F812BD4326}.Debug|x86.Build.0 = Debug|Win32
		{E9DC52F7-D707-4884-B448-75F812BD4326}.Release|x64.ActiveCfg = Release|x64
		{E9DC52F7-D707-4884-B448-75F812BD4326}.Release|x64.Build.0 = Release|x64
		{E9DC52F7-D707-4884-B448-75F812BD4326}.Release|x86.ActiveCfg = Release|Win32
		{E9DC52F7-D707-4884-B448-75F812BD4326}.Release|x86.Build.0 = Release|Win32
		{E6314A01-793D-43D1-AB1C-24FC6BA7116B}.Debug|x64.ActiveCfg = Debug|x64
		{E6314A01-793D-43D1-AB1C-24FC6BA7116B}.Debug|x64.Build.0 = Debug|x64
		{E6314A01-793D-43D1-AB1C-24FC6BA7116B}.Debug|x86.ActiveCfg = Debug|Win32
		{E6314A01-793D-43D1-AB1C-24FC6BA7116B}.Debug|x86.Build.0 = Debug|Win32
		{E6314A01-793D-43D1-AB1C-24FC6BA7116B}.Release|x64.ActiveCfg = Release|x64
		{E6314A01-793D-43D1-AB1C-24FC6BA7116B}.Release|x64.Build.0 = Release|x64
		{E6314A01-793D-43D1-AB1C-24FC6BA7116B}.Release|x86.ActiveCfg = Release|Win32
		{E6314A01-793D-43D1-AB1C-24FC6BA7116B}.Release|x86.Build.0 = Release|Win32
		{B1930804-604F-46EE-AA8A-DBD23AB8A951}.Debug|x64.ActiveCfg = Debug|x64
		{B1930804-604F-46EE-AA8A-DBD23AB8A951}.Debug|x64.Build.0 = Debug|x64
		{B1930804-604F-46EE-AA8A-DBD23AB8A951}.Debug|x86.ActiveCfg = Debug|Win32
		{B1930804-604F-46EE-AA8A-DBD23AB8A951}.Debug|x86.Build.0 = Debug|Win32
		{B1930804-604F-46EE-AA8A-DBD23AB8A951}.Release|x64.ActiveCfg = Release|x64
		{B1930804-604F-46EE-AA8A-DBD23AB8A951}.Release|x64.Build.0 = Release|x64
		{B1930804-604F-46EE-AA8A-DBD23AB8A951}.Release|x86.ActiveCfg = Release|Win32
		{B1930804-604F-46EE-AA8A-DBD23AB8A951}.Release|x86.Build.0 = Release|Win32
		{AF57E1C6-D6E6-4581-8F17-A04BF0E9BD77}.Debug|x64.ActiveCfg = Debug|x64
		{AF57E1C6-D6E6-4581-8F17-A04BF0E9BD77}.Debug|x64.Build.0 = Debug|x64
		{AF57E1C6-D6E6-4581-8F17-A04BF0E9BD77}.Debug|x86.ActiveCfg = Debug|Win32
		{AF57E1C6-D6E6-4581-8F17-A04BF0E9BD77}.Debug|x86.Build.0 = Debug|Win32
		{AF57E1C6-D6E6-4581-8F17-A04BF0E9BD77}.Release|x64.ActiveCfg = Release|x64
		{AF57E1C6-D6E6-4581-8F17-A04BF0E9BD77}.Release|x64.Build.0 = Release|x64
		{AF57E1C6-D6E6-4581-8F17-A04BF0E9BD77}.Release|x86.ActiveCfg = Release|Win32
		{AF57E1C6-D6E6-4581-8F17-A04BF0E9BD77}.Release|x86.Build.0 = Release|Win32
		{2C02AB63-F113-4649-BB9B-F6B89851FB86}.Debug|x64.ActiveCfg = Debug|x64
		{2C02AB63-F113-4649-BB9B-F6B89851FB86}.Debug|x64.Build.0 = Debug|x64
		{2C02AB63-F113-4649-BB9B-F6B89851FB86}.Debug|x86.ActiveCfg = Debug|Win32
		{2C02AB63-F113-4649-BB9B-F6B89851FB86}.Debug|x86.Build.0 = Debug|Win32
		{2C02AB63-F113-4649-BB9B-F6B89851FB86}.Release|x64.ActiveCfg = Release|x64
		{2C02AB63-F113-4649-BB9B-F6B89851FB86}.Release|x64.Build.0 = Release|x64
		{2C02AB63-F113-4649-BB9B-F6B89851FB86}.Release|x86.ActiveCfg = Release|Win32
		{2C02AB63-F113-4649-BB9B-F6B89851FB86}.Release|x86.Build.0 = Release|Win32
	EndGlobalSection
	GlobalSection(SolutionProperties) = preSolution
		HideSolutionNode = FALSE
	EndGlobalSection
	GlobalSection(ExtensibilityGlobals) = postSolution
		SolutionGuid = {2F7F7590-22EF-4240-976C-EFB9E0409909}
	EndGlobalSection
EndGlobal
