
Microsoft Visual Studio Solution File, Format Version 12.00
# Visual Studio Version 16
VisualStudioVersion = 16.0.29519.181
MinimumVisualStudioVersion = 10.0.40219.1
Project("{2150E333-8FDC-42A3-9474-1A3956D46DE8}") = "Solution Items", "Solution Items", "{5927DEC4-5C3F-4590-83FC-93EA6F69791F}"
	ProjectSection(SolutionItems) = preProject
		.gitignore = .gitignore
		README.md = README.md
	EndProjectSection
EndProject
Project("{8BC9CEB8-8B4A-11D0-8D11-00A0C91BC942}") = "Utils", "Utils\Utils.vcxproj", "{FD212E30-089E-4160-84E4-201DAA0064B7}"
EndProject
Project("{8BC9CEB8-8B4A-11D0-8D11-00A0C91BC942}") = "Tests", "Tests\Tests.vcxproj", "{361EAB9B-402C-44CA-973E-42658BEB0C6E}"
EndProject
Project("{8BC9CEB8-8B4A-11D0-8D11-00A0C91BC942}") = "Lexer", "Lexer\Lexer.vcxproj", "{F3BD0731-F946-4ADF-ADBE-80524B0D6ADD}"
EndProject
Global
	GlobalSection(SolutionConfigurationPlatforms) = preSolution
		Debug|x64 = Debug|x64
		Debug|x86 = Debug|x86
		Release|x64 = Release|x64
		Release|x86 = Release|x86
	EndGlobalSection
	GlobalSection(ProjectConfigurationPlatforms) = postSolution
		{FD212E30-089E-4160-84E4-201DAA0064B7}.Debug|x64.ActiveCfg = Debug|x64
		{FD212E30-089E-4160-84E4-201DAA0064B7}.Debug|x64.Build.0 = Debug|x64
		{FD212E30-089E-4160-84E4-201DAA0064B7}.Debug|x86.ActiveCfg = Debug|Win32
		{FD212E30-089E-4160-84E4-201DAA0064B7}.Debug|x86.Build.0 = Debug|Win32
		{FD212E30-089E-4160-84E4-201DAA0064B7}.Release|x64.ActiveCfg = Release|x64
		{FD212E30-089E-4160-84E4-201DAA0064B7}.Release|x64.Build.0 = Release|x64
		{FD212E30-089E-4160-84E4-201DAA0064B7}.Release|x86.ActiveCfg = Release|Win32
		{FD212E30-089E-4160-84E4-201DAA0064B7}.Release|x86.Build.0 = Release|Win32
		{361EAB9B-402C-44CA-973E-42658BEB0C6E}.Debug|x64.ActiveCfg = Debug|x64
		{361EAB9B-402C-44CA-973E-42658BEB0C6E}.Debug|x64.Build.0 = Debug|x64
		{361EAB9B-402C-44CA-973E-42658BEB0C6E}.Debug|x86.ActiveCfg = Debug|Win32
		{361EAB9B-402C-44CA-973E-42658BEB0C6E}.Debug|x86.Build.0 = Debug|Win32
		{361EAB9B-402C-44CA-973E-42658BEB0C6E}.Release|x64.ActiveCfg = Release|x64
		{361EAB9B-402C-44CA-973E-42658BEB0C6E}.Release|x64.Build.0 = Release|x64
		{361EAB9B-402C-44CA-973E-42658BEB0C6E}.Release|x86.ActiveCfg = Release|Win32
		{361EAB9B-402C-44CA-973E-42658BEB0C6E}.Release|x86.Build.0 = Release|Win32
		{F3BD0731-F946-4ADF-ADBE-80524B0D6ADD}.Debug|x64.ActiveCfg = Debug|x64
		{F3BD0731-F946-4ADF-ADBE-80524B0D6ADD}.Debug|x64.Build.0 = Debug|x64
		{F3BD0731-F946-4ADF-ADBE-80524B0D6ADD}.Debug|x86.ActiveCfg = Debug|Win32
		{F3BD0731-F946-4ADF-ADBE-80524B0D6ADD}.Debug|x86.Build.0 = Debug|Win32
		{F3BD0731-F946-4ADF-ADBE-80524B0D6ADD}.Release|x64.ActiveCfg = Release|x64
		{F3BD0731-F946-4ADF-ADBE-80524B0D6ADD}.Release|x64.Build.0 = Release|x64
		{F3BD0731-F946-4ADF-ADBE-80524B0D6ADD}.Release|x86.ActiveCfg = Release|Win32
		{F3BD0731-F946-4ADF-ADBE-80524B0D6ADD}.Release|x86.Build.0 = Release|Win32
	EndGlobalSection
	GlobalSection(SolutionProperties) = preSolution
		HideSolutionNode = FALSE
	EndGlobalSection
	GlobalSection(ExtensibilityGlobals) = postSolution
		SolutionGuid = {CE52ABBE-6F82-43CB-8FCB-F109F37FFA4C}
	EndGlobalSection
EndGlobal
