<?xml version="1.0" encoding="utf-8"?>
<Project ToolsVersion="4.0" xmlns="http://schemas.microsoft.com/developer/msbuild/2003">
  <ItemGroup>
    <Filter Include="Source Files">
      <UniqueIdentifier>{4FC737F1-C7A5-4376-A066-2A32D752A2FF}</UniqueIdentifier>
      <Extensions>cpp;c;cc;cxx;def;odl;idl;hpj;bat;asm;asmx</Extensions>
    </Filter>
    <Filter Include="Header Files">
      <UniqueIdentifier>{93995380-89BD-4b04-88EB-625FBE52EBFB}</UniqueIdentifier>
      <Extensions>h;hh;hpp;hxx;hm;inl;inc;ipp;xsd</Extensions>
    </Filter>
    <Filter Include="Resource Files">
      <UniqueIdentifier>{67DA6AB6-F800-4c08-8B7A-83BB121AAD01}</UniqueIdentifier>
      <Extensions>rc;ico;cur;bmp;dlg;rc2;rct;bin;rgs;gif;jpg;jpeg;jpe;resx;tiff;tif;png;wav;mfcribbon-ms</Extensions>
    </Filter>
    <Filter Include="Source Files\Lexer">
      <UniqueIdentifier>{6360295f-88c3-4353-81d1-72a9405e6149}</UniqueIdentifier>
    </Filter>
    <Filter Include="Source Files\Utils">
      <UniqueIdentifier>{49f45abc-2b93-4f9a-ac8d-6d5eb9e8134d}</UniqueIdentifier>
    </Filter>
    <Filter Include="Source Files\Token">
      <UniqueIdentifier>{0680c2db-479a-4a6f-9c33-e980021fbb21}</UniqueIdentifier>
    </Filter>
    <Filter Include="Source Files\Environment">
      <UniqueIdentifier>{a8a7d5aa-3abd-49a6-9bd0-d4b3789e2639}</UniqueIdentifier>
    </Filter>
    <Filter Include="Source Files\ObjectSystem">
      <UniqueIdentifier>{1bf1da9c-6495-40d3-bc6f-d9fe0401e7b5}</UniqueIdentifier>
    </Filter>
    <Filter Include="Source Files\Parser">
      <UniqueIdentifier>{24392bdf-113e-4c85-b3b1-99bb54084637}</UniqueIdentifier>
    </Filter>
    <Filter Include="Source Files\Interpreter">
      <UniqueIdentifier>{e000f0da-23e4-4f68-8e2c-a248e4029624}</UniqueIdentifier>
    </Filter>
  </ItemGroup>
  <ItemGroup>
    <ClCompile Include="Tests.cpp">
      <Filter>Source Files</Filter>
    </ClCompile>
    <ClCompile Include="Pointer_Tests.cpp">
      <Filter>Source Files\Utils</Filter>
    </ClCompile>
    <ClCompile Include="Lexer_Tests.cpp">
      <Filter>Source Files\Lexer</Filter>
    </ClCompile>
    <ClCompile Include="test_utils.cpp">
      <Filter>Source Files</Filter>
    </ClCompile>
    <ClCompile Include="Token_Tests.cpp">
      <Filter>Source Files\Token</Filter>
    </ClCompile>
    <ClCompile Include="TokenPosition_Tests.cpp">
      <Filter>Source Files\Token</Filter>
    </ClCompile>
    <ClCompile Include="Parser_Tests.cpp">
      <Filter>Source Files\Parser</Filter>
    </ClCompile>
  </ItemGroup>
  <ItemGroup>
    <ClInclude Include="catch.hpp">
      <Filter>Header Files</Filter>
    </ClInclude>
    <ClInclude Include="test_utils.h">
      <Filter>Header Files</Filter>
    </ClInclude>
  </ItemGroup>
  <ItemGroup>
    <None Include="cpp.hint" />
  </ItemGroup>
</Project>